{
  "name": "viper-test",
  "version": "1.0.0",
  "lockfileVersion": 1,
  "requires": true,
  "dependencies": {
    "commander": {
      "version": "2.13.0",
      "resolved": "https://registry.npmjs.org/commander/-/commander-2.13.0.tgz",
      "integrity": "sha512-MVuS359B+YzaWqjCL/c+22gfryv+mCBPHAv3zyVI2GN8EY6IRP8VwtasXn8jyyhvvq84R4ImN1OKRtcbIasjYA=="
    },
    "docco": {
      "version": "0.8.0",
      "resolved": "https://registry.npmjs.org/docco/-/docco-0.8.0.tgz",
      "integrity": "sha512-QcWBDnnGaT+rgC0wqynznXv0/4hd6nAFdWNs2fN4FvkH2yAnCYVeRU7GIZXNCeUQ955Lufq+TmZcSXiBa1cGQQ==",
      "requires": {
        "commander": "2.13.0",
        "fs-extra": "5.0.0",
        "highlight.js": "9.12.0",
        "marked": "0.3.12",
        "underscore": "1.8.3"
      }
    },
    "fs-extra": {
      "version": "5.0.0",
      "resolved": "https://registry.npmjs.org/fs-extra/-/fs-extra-5.0.0.tgz",
      "integrity": "sha512-66Pm4RYbjzdyeuqudYqhFiNBbCIuI9kgRqLPSHIlXHidW8NIQtVdkM1yeZ4lXwuhbTETv3EUGMNHAAw6hiundQ==",
      "requires": {
        "graceful-fs": "4.1.11",
        "jsonfile": "4.0.0",
        "universalify": "0.1.1"
      }
    },
    "graceful-fs": {
      "version": "4.1.11",
      "resolved": "https://registry.npmjs.org/graceful-fs/-/graceful-fs-4.1.11.tgz",
      "integrity": "sha1-Dovf5NHduIVNZOBOp8AOKgJuVlg="
    },
    "highlight.js": {
      "version": "9.12.0",
      "resolved": "https://registry.npmjs.org/highlight.js/-/highlight.js-9.12.0.tgz",
      "integrity": "sha1-5tnb5Xy+/mB1HwKvM2GVhwyQwB4="
    },
    "jsonfile": {
      "version": "4.0.0",
      "resolved": "https://registry.npmjs.org/jsonfile/-/jsonfile-4.0.0.tgz",
      "integrity": "sha1-h3Gq4HmbZAdrdmQPygWPnBDjPss=",
      "requires": {
        "graceful-fs": "4.1.11"
      }
    },
    "marked": {
      "version": "0.3.12",
      "resolved": "https://registry.npmjs.org/marked/-/marked-0.3.12.tgz",
      "integrity": "sha512-k4NaW+vS7ytQn6MgJn3fYpQt20/mOgYM5Ft9BYMfQJDz2QT6yEeS9XJ8k2Nw8JTeWK/znPPW2n3UJGzyYEiMoA=="
    },
    "underscore": {
      "version": "1.8.3",
      "resolved": "https://registry.npmjs.org/underscore/-/underscore-1.8.3.tgz",
      "integrity": "sha1-Tz+1OxBuYJf8+ctBCfKl6b36UCI="
    },
    "universalify": {
      "version": "0.1.1",
      "resolved": "https://registry.npmjs.org/universalify/-/universalify-0.1.1.tgz",
      "integrity": "sha1-+nG63UQ3r0wUiEHjs7Fl+enlkLc="
    }
  }
}
